
Microsoft Visual Studio Solution File, Format Version 12.00
Project("{FAE04EC0-301F-11D3-BF4B-00C04F79EFBC}") = "CalculationApi", "CalculationApi\CalculationApi.csproj", "{415A5F3B-0286-415D-B82C-0074132F926E}"
EndProject
Project("{FAE04EC0-301F-11D3-BF4B-00C04F79EFBC}") = "CalculationApiTests", "CalculationApiTests\CalculationApiTests.csproj", "{1CBEF266-36C3-4F3A-A21D-96912A037D0B}"
EndProject
Global
	GlobalSection(SolutionConfigurationPlatforms) = preSolution
		Debug|Any CPU = Debug|Any CPU
		Release|Any CPU = Release|Any CPU
	EndGlobalSection
	GlobalSection(ProjectConfigurationPlatforms) = postSolution
		{415A5F3B-0286-415D-B82C-0074132F926E}.Debug|Any CPU.ActiveCfg = Debug|Any CPU
		{415A5F3B-0286-415D-B82C-0074132F926E}.Debug|Any CPU.Build.0 = Debug|Any CPU
		{415A5F3B-0286-415D-B82C-0074132F926E}.Release|Any CPU.ActiveCfg = Release|Any CPU
		{415A5F3B-0286-415D-B82C-0074132F926E}.Release|Any CPU.Build.0 = Release|Any CPU
		{1CBEF266-36C3-4F3A-A21D-96912A037D0B}.Debug|Any CPU.ActiveCfg = Debug|Any CPU
		{1CBEF266-36C3-4F3A-A21D-96912A037D0B}.Debug|Any CPU.Build.0 = Debug|Any CPU
		{1CBEF266-36C3-4F3A-A21D-96912A037D0B}.Release|Any CPU.ActiveCfg = Release|Any CPU
		{1CBEF266-36C3-4F3A-A21D-96912A037D0B}.Release|Any CPU.Build.0 = Release|Any CPU
	EndGlobalSection
EndGlobal
